Microsoft Visual Studio Solution File, Format Version 12.00
# Visual Studio Version 16
VisualStudioVersion = 16.0.31205.134
MinimumVisualStudioVersion = 10.0.40219.1
Project("{9A19103F-16F7-4668-BE54-9A1E7A4F7556}") = "RadialProgressGauge", "RadialProgressGauge\RadialProgressGauge.csproj", "{8A615519-4940-42D0-B1DF-C456572E94A5}"
EndProject
Project("{FAE04EC0-301F-11D3-BF4B-00C04F79EFBC}") = "RedialProgressExample.Android", "RedialProgressExample\RedialProgressExample.Android\RedialProgressExample.Android.csproj", "{D8AA88F9-6BCD-4E8B-8840-D999F1F6AD4E}"
EndProject
Project("{FAE04EC0-301F-11D3-BF4B-00C04F79EFBC}") = "RedialProgressExample", "RedialProgressExample\RedialProgressExample\RedialProgressExample.csproj", "{308E5833-F020-48D7-869E-8FD5F50FCBA9}"
EndProject
Global
	GlobalSection(SolutionConfigurationPlatforms) = preSolution
		Debug|Any CPU = Debug|Any CPU
		Release|Any CPU = Release|Any CPU
	EndGlobalSection
	GlobalSection(ProjectConfigurationPlatforms) = postSolution
		{8A615519-4940-42D0-B1DF-C456572E94A5}.Debug|Any CPU.ActiveCfg = Debug|Any CPU
		{8A615519-4940-42D0-B1DF-C456572E94A5}.Debug|Any CPU.Build.0 = Debug|Any CPU
		{8A615519-4940-42D0-B1DF-C456572E94A5}.Release|Any CPU.ActiveCfg = Release|Any CPU
		{8A615519-4940-42D0-B1DF-C456572E94A5}.Release|Any CPU.Build.0 = Release|Any CPU
		{D8AA88F9-6BCD-4E8B-8840-D999F1F6AD4E}.Debug|Any CPU.ActiveCfg = Debug|Any CPU
		{D8AA88F9-6BCD-4E8B-8840-D999F1F6AD4E}.Debug|Any CPU.Build.0 = Debug|Any CPU
		{D8AA88F9-6BCD-4E8B-8840-D999F1F6AD4E}.Debug|Any CPU.Deploy.0 = Debug|Any CPU
		{D8AA88F9-6BCD-4E8B-8840-D999F1F6AD4E}.Release|Any CPU.ActiveCfg = Release|Any CPU
		{D8AA88F9-6BCD-4E8B-8840-D999F1F6AD4E}.Release|Any CPU.Build.0 = Release|Any CPU
		{D8AA88F9-6BCD-4E8B-8840-D999F1F6AD4E}.Release|Any CPU.Deploy.0 = Release|Any CPU
		{308E5833-F020-48D7-869E-8FD5F50FCBA9}.Debug|Any CPU.ActiveCfg = Debug|Any CPU
		{308E5833-F020-48D7-869E-8FD5F50FCBA9}.Debug|Any CPU.Build.0 = Debug|Any CPU
		{308E5833-F020-48D7-869E-8FD5F50FCBA9}.Release|Any CPU.ActiveCfg = Release|Any CPU
		{308E5833-F020-48D7-869E-8FD5F50FCBA9}.Release|Any CPU.Build.0 = Release|Any CPU
	EndGlobalSection
	GlobalSection(SolutionProperties) = preSolution
		HideSolutionNode = FALSE
	EndGlobalSection
	GlobalSection(ExtensibilityGlobals) = postSolution
		SolutionGuid = {62829F91-4B5E-4DD9-B413-EAFC17910016}
	EndGlobalSection
EndGlobal
